github.com/gorilla/mux v1.8.1 h1:TuBL49tXwgrFYWhqrNgrUNEY92u81SPhu7sTdzQEiWY=
github.com/gorilla/mux v1.8.1/go.mod h1:AKf9I4AEqPTmMytcMc0KkNouC66V3BtZ4qD5fmWSiMQ=
tailscale.com v1.72.1 h1:hk82jek36ph2S3Tfsh57NVWKEm/pZ9nfUonvlowpfaA=
tailscale.com v1.72.1/go.mod h1:v7OHtg0KLAnhOVf81Z8WrjNefj238QbFhgkWJQoKxbs=
